
Microsoft Visual Studio Solution File, Format Version 12.00
# Visual Studio Version 17
VisualStudioVersion = 17.7.34018.315
MinimumVisualStudioVersion = 10.0.40219.1
Project("{FAE04EC0-301F-11D3-BF4B-00C04F79EFBC}") = "MyBank-Draft2", "MyBank-Draft2\MyBank-Draft2.csproj", "{A897381B-5732-442A-AE8C-69B6CB8FB38D}"
EndProject
Global
	GlobalSection(SolutionConfigurationPlatforms) = preSolution
		Debug|Any CPU = Debug|Any CPU
		Release|Any CPU = Release|Any CPU
	EndGlobalSection
	GlobalSection(ProjectConfigurationPlatforms) = postSolution
		{A897381B-5732-442A-AE8C-69B6CB8FB38D}.Debug|Any CPU.ActiveCfg = Debug|Any CPU
		{A897381B-5732-442A-AE8C-69B6CB8FB38D}.Debug|Any CPU.Build.0 = Debug|Any CPU
		{A897381B-5732-442A-AE8C-69B6CB8FB38D}.Release|Any CPU.ActiveCfg = Release|Any CPU
		{A897381B-5732-442A-AE8C-69B6CB8FB38D}.Release|Any CPU.Build.0 = Release|Any CPU
	EndGlobalSection
	GlobalSection(SolutionProperties) = preSolution
		HideSolutionNode = FALSE
	EndGlobalSection
	GlobalSection(ExtensibilityGlobals) = postSolution
		SolutionGuid = {ECC135AB-2CA6-49E4-A704-92B8297A0611}
	EndGlobalSection
EndGlobal
